
Microsoft Visual Studio Solution File, Format Version 12.00
# Visual Studio Version 16
VisualStudioVersion = 16.0.30523.141
MinimumVisualStudioVersion = 10.0.40219.1
Project("{FAE04EC0-301F-11D3-BF4B-00C04F79EFBC}") = "TravelRecordApp.Android", "TravelRecordApp\TravelRecordApp.Android\TravelRecordApp.Android.csproj", "{F7BAE2A0-6161-4EDC-AF73-F572235295A2}"
EndProject
Project("{FAE04EC0-301F-11D3-BF4B-00C04F79EFBC}") = "TravelRecordApp", "TravelRecordApp\TravelRecordApp\TravelRecordApp.csproj", "{163DE4D7-23D7-42AE-9C7E-CC8DDB6023E1}"
EndProject
Global
	GlobalSection(SolutionConfigurationPlatforms) = preSolution
		Debug|Any CPU = Debug|Any CPU
		Release|Any CPU = Release|Any CPU
	EndGlobalSection
	GlobalSection(ProjectConfigurationPlatforms) = postSolution
		{F7BAE2A0-6161-4EDC-AF73-F572235295A2}.Debug|Any CPU.ActiveCfg = Debug|Any CPU
		{F7BAE2A0-6161-4EDC-AF73-F572235295A2}.Debug|Any CPU.Build.0 = Debug|Any CPU
		{F7BAE2A0-6161-4EDC-AF73-F572235295A2}.Debug|Any CPU.Deploy.0 = Debug|Any CPU
		{F7BAE2A0-6161-4EDC-AF73-F572235295A2}.Release|Any CPU.ActiveCfg = Release|Any CPU
		{F7BAE2A0-6161-4EDC-AF73-F572235295A2}.Release|Any CPU.Build.0 = Release|Any CPU
		{F7BAE2A0-6161-4EDC-AF73-F572235295A2}.Release|Any CPU.Deploy.0 = Release|Any CPU
		{163DE4D7-23D7-42AE-9C7E-CC8DDB6023E1}.Debug|Any CPU.ActiveCfg = Debug|Any CPU
		{163DE4D7-23D7-42AE-9C7E-CC8DDB6023E1}.Debug|Any CPU.Build.0 = Debug|Any CPU
		{163DE4D7-23D7-42AE-9C7E-CC8DDB6023E1}.Debug|Any CPU.Deploy.0 = Debug|Any CPU
		{163DE4D7-23D7-42AE-9C7E-CC8DDB6023E1}.Release|Any CPU.ActiveCfg = Release|Any CPU
		{163DE4D7-23D7-42AE-9C7E-CC8DDB6023E1}.Release|Any CPU.Build.0 = Release|Any CPU
		{163DE4D7-23D7-42AE-9C7E-CC8DDB6023E1}.Release|Any CPU.Deploy.0 = Release|Any CPU
	EndGlobalSection
	GlobalSection(SolutionProperties) = preSolution
		HideSolutionNode = FALSE
	EndGlobalSection
	GlobalSection(ExtensibilityGlobals) = postSolution
		SolutionGuid = {197808A5-551F-4C40-B559-E8D2D76EAC38}
	EndGlobalSection
EndGlobal
